
Microsoft Visual Studio Solution File, Format Version 12.00
# Visual Studio 15
VisualStudioVersion = 15.0.27004.2005
MinimumVisualStudioVersion = 10.0.40219.1
Project("{2150E333-8FDC-42A3-9474-1A3956D46DE8}") = "src", "src", "{C6B55281-E6AE-4C80-BC6A-AC7ECF17993E}"
EndProject
Project("{2150E333-8FDC-42A3-9474-1A3956D46DE8}") = "test", "test", "{61C7AEFA-F855-4258-B9A8-62EE5DD49C58}"
EndProject
Project("{FAE04EC0-301F-11D3-BF4B-00C04F79EFBC}") = "StatlerWaldorfCorp.LocationService", "StatlerWaldorfCorp.LocationService\StatlerWaldorfCorp.LocationService.csproj", "{06C273F2-22C1-4A53-8DC5-5F2AAD381A97}"
EndProject
Project("{FAE04EC0-301F-11D3-BF4B-00C04F79EFBC}") = "StatlerWaldorfCorp.LocationService.Tests", "StatlerWaldorfCorp.LocationService.Tests\StatlerWaldorfCorp.LocationService.Tests.csproj", "{6681146F-2D04-4ECC-BF27-6F49D1D06FCB}"
EndProject
Global
	GlobalSection(SolutionConfigurationPlatforms) = preSolution
		Debug|Any CPU = Debug|Any CPU
		Release|Any CPU = Release|Any CPU
	EndGlobalSection
	GlobalSection(ProjectConfigurationPlatforms) = postSolution
		{06C273F2-22C1-4A53-8DC5-5F2AAD381A97}.Debug|Any CPU.ActiveCfg = Debug|Any CPU
		{06C273F2-22C1-4A53-8DC5-5F2AAD381A97}.Debug|Any CPU.Build.0 = Debug|Any CPU
		{06C273F2-22C1-4A53-8DC5-5F2AAD381A97}.Release|Any CPU.ActiveCfg = Release|Any CPU
		{06C273F2-22C1-4A53-8DC5-5F2AAD381A97}.Release|Any CPU.Build.0 = Release|Any CPU
		{6681146F-2D04-4ECC-BF27-6F49D1D06FCB}.Debug|Any CPU.ActiveCfg = Debug|Any CPU
		{6681146F-2D04-4ECC-BF27-6F49D1D06FCB}.Debug|Any CPU.Build.0 = Debug|Any CPU
		{6681146F-2D04-4ECC-BF27-6F49D1D06FCB}.Release|Any CPU.ActiveCfg = Release|Any CPU
		{6681146F-2D04-4ECC-BF27-6F49D1D06FCB}.Release|Any CPU.Build.0 = Release|Any CPU
	EndGlobalSection
	GlobalSection(SolutionProperties) = preSolution
		HideSolutionNode = FALSE
	EndGlobalSection
	GlobalSection(NestedProjects) = preSolution
		{06C273F2-22C1-4A53-8DC5-5F2AAD381A97} = {C6B55281-E6AE-4C80-BC6A-AC7ECF17993E}
		{6681146F-2D04-4ECC-BF27-6F49D1D06FCB} = {61C7AEFA-F855-4258-B9A8-62EE5DD49C58}
	EndGlobalSection
	GlobalSection(ExtensibilityGlobals) = postSolution
		SolutionGuid = {44AE6EFF-9F5A-4373-9689-CCF9E736BD3C}
	EndGlobalSection
EndGlobal
